// !$*UTF8*$!
{
	archiveVersion = 1;
	classes = {
	};
	objectVersion = 56;
	objects = {

/* Begin PBXBuildFile section */
		A7606D932B20455500FF0EC5 /* puzzle6.swift in Sources */ = {isa = PBXBuildFile; fileRef = A7606D922B20455500FF0EC5 /* puzzle6.swift */; };
		A7606D952B21B80A00FF0EC5 /* puzzle7.swift in Sources */ = {isa = PBXBuildFile; fileRef = A7606D942B21B80A00FF0EC5 /* puzzle7.swift */; };
		A7606D992B22F76100FF0EC5 /* puzzle8.swift in Sources */ = {isa = PBXBuildFile; fileRef = A7606D982B22F76100FF0EC5 /* puzzle8.swift */; };
		A7606D9B2B244EC200FF0EC5 /* puzzle9.swift in Sources */ = {isa = PBXBuildFile; fileRef = A7606D9A2B244EC200FF0EC5 /* puzzle9.swift */; };
		A7606DA52B2473B600FF0EC5 /* data5.swift in Sources */ = {isa = PBXBuildFile; fileRef = A7606DA42B2473B600FF0EC5 /* data5.swift */; };
		A7606DA72B2473DE00FF0EC5 /* data6.swift in Sources */ = {isa = PBXBuildFile; fileRef = A7606DA62B2473DE00FF0EC5 /* data6.swift */; };
		A7606DA92B2473E000FF0EC5 /* data7.swift in Sources */ = {isa = PBXBuildFile; fileRef = A7606DA82B2473E000FF0EC5 /* data7.swift */; };
		A7606DAB2B2473E200FF0EC5 /* data8.swift in Sources */ = {isa = PBXBuildFile; fileRef = A7606DAA2B2473E200FF0EC5 /* data8.swift */; };
		A7606DAD2B2473E400FF0EC5 /* puzzle9data.swift in Sources */ = {isa = PBXBuildFile; fileRef = A7606DAC2B2473E400FF0EC5 /* puzzle9data.swift */; };
		A7606DB02B24782A00FF0EC5 /* puzzle1.swift in Sources */ = {isa = PBXBuildFile; fileRef = A7606DAF2B24782A00FF0EC5 /* puzzle1.swift */; };
		A7606DB22B24783100FF0EC5 /* data1.swift in Sources */ = {isa = PBXBuildFile; fileRef = A7606DB12B24783100FF0EC5 /* data1.swift */; };
		A7606DB62B24793D00FF0EC5 /* puzzle2.swift in Sources */ = {isa = PBXBuildFile; fileRef = A7606DB52B24793D00FF0EC5 /* puzzle2.swift */; };
		A7606DB82B24794200FF0EC5 /* data2.swift in Sources */ = {isa = PBXBuildFile; fileRef = A7606DB72B24794200FF0EC5 /* data2.swift */; };
		A7606DBB2B2479D100FF0EC5 /* puzzle3.swift in Sources */ = {isa = PBXBuildFile; fileRef = A7606DBA2B2479D100FF0EC5 /* puzzle3.swift */; };
		A7606DBD2B2479D800FF0EC5 /* data3.swift in Sources */ = {isa = PBXBuildFile; fileRef = A7606DBC2B2479D800FF0EC5 /* data3.swift */; };
		A7606DC32B25917F00FF0EC5 /* puzzle10.swift in Sources */ = {isa = PBXBuildFile; fileRef = A7606DC22B25917F00FF0EC5 /* puzzle10.swift */; };
		A7606DC42B2616A600FF0EC5 /* Ressources in Resources */ = {isa = PBXBuildFile; fileRef = A7606DBF2B247B2300FF0EC5 /* Ressources */; };
		A7606DC72B2616E800FF0EC5 /* puzzle11.swift in Sources */ = {isa = PBXBuildFile; fileRef = A7606DC62B2616E800FF0EC5 /* puzzle11.swift */; };
		A7606DC92B26171B00FF0EC5 /* puzzle10data.swift in Sources */ = {isa = PBXBuildFile; fileRef = A7606DC82B26171B00FF0EC5 /* puzzle10data.swift */; };
		A7606DCB2B26174C00FF0EC5 /* puzzle11data.swift in Sources */ = {isa = PBXBuildFile; fileRef = A7606DCA2B26174C00FF0EC5 /* puzzle11data.swift */; };
		A7606DCE2B2830A700FF0EC5 /* puzzle12.swift in Sources */ = {isa = PBXBuildFile; fileRef = A7606DCD2B2830A700FF0EC5 /* puzzle12.swift */; };
		A7606DD02B283FA500FF0EC5 /* puzzle12data.swift in Sources */ = {isa = PBXBuildFile; fileRef = A7606DCF2B283FA500FF0EC5 /* puzzle12data.swift */; };
		A7606DD42B28763800FF0EC5 /* puzzle12v3.swift in Sources */ = {isa = PBXBuildFile; fileRef = A7606DD32B28763800FF0EC5 /* puzzle12v3.swift */; };
		A7606DD72B29824000FF0EC5 /* puzzle13.swift in Sources */ = {isa = PBXBuildFile; fileRef = A7606DD62B29824000FF0EC5 /* puzzle13.swift */; };
		A7606DD92B2993F700FF0EC5 /* puzzle13data.swift in Sources */ = {isa = PBXBuildFile; fileRef = A7606DD82B2993F700FF0EC5 /* puzzle13data.swift */; };
		A76D9E792D043BB500E12077 /* puzzle2407.swift in Sources */ = {isa = PBXBuildFile; fileRef = A76D9E782D043BB500E12077 /* puzzle2407.swift */; };
		A76D9E7B2D057A9000E12077 /* puzzle2408.swift in Sources */ = {isa = PBXBuildFile; fileRef = A76D9E7A2D057A9000E12077 /* puzzle2408.swift */; };
		A770BCD62B1EFFD200278B11 /* data4.swift in Sources */ = {isa = PBXBuildFile; fileRef = A770BCD52B1EFFD200278B11 /* data4.swift */; };
		A770BCD82B1EFFE400278B11 /* puzzle5.swift in Sources */ = {isa = PBXBuildFile; fileRef = A770BCD72B1EFFE400278B11 /* puzzle5.swift */; };
		A770BCDA2B1EFFED00278B11 /* puzzle4.swift in Sources */ = {isa = PBXBuildFile; fileRef = A770BCD92B1EFFED00278B11 /* puzzle4.swift */; };
		A770BCDC2B1EFFF600278B11 /* foundation.swift in Sources */ = {isa = PBXBuildFile; fileRef = A770BCDB2B1EFFF600278B11 /* foundation.swift */; };
		A77776F72CFDD75600B71083 /* puzzle2401.swift in Sources */ = {isa = PBXBuildFile; fileRef = A77776F62CFDD75600B71083 /* puzzle2401.swift */; };
		A77776FC2CFDE05B00B71083 /* puzzle2402.swift in Sources */ = {isa = PBXBuildFile; fileRef = A77776FB2CFDE05B00B71083 /* puzzle2402.swift */; };
		A77776FE2CFF98B000B71083 /* puzzle2403.swift in Sources */ = {isa = PBXBuildFile; fileRef = A77776FD2CFF98B000B71083 /* puzzle2403.swift */; };
		A77777002CFFA88700B71083 /* puzzle2404.swift in Sources */ = {isa = PBXBuildFile; fileRef = A77776FF2CFFA88700B71083 /* puzzle2404.swift */; };
		A77777022D004ED300B71083 /* puzzle2405.swift in Sources */ = {isa = PBXBuildFile; fileRef = A77777012D004ED300B71083 /* puzzle2405.swift */; };
		A77777062D02D66B00B71083 /* puzzle2406.swift in Sources */ = {isa = PBXBuildFile; fileRef = A77777052D02D66B00B71083 /* puzzle2406.swift */; };
		A7E81F752B1DE5AF0033DC9C /* main.swift in Sources */ = {isa = PBXBuildFile; fileRef = A7E81F742B1DE5AF0033DC9C /* main.swift */; };
/* End PBXBuildFile section */

/* Begin PBXCopyFilesBuildPhase section */
		A7E81F6F2B1DE5AF0033DC9C /* CopyFiles */ = {
			isa = PBXCopyFilesBuildPhase;
			buildActionMask = 8;
			dstPath = "";
			dstSubfolderSpec = 16;
			files = (
			);
			runOnlyForDeploymentPostprocessing = 1;
		};
/* End PBXCopyFilesBuildPhase section */

/* Begin PBXFileReference section */
		A7606D922B20455500FF0EC5 /* puzzle6.swift */ = {isa = PBXFileReference; lastKnownFileType = sourcecode.swift; path = puzzle6.swift; sourceTree = "<group>"; };
		A7606D942B21B80A00FF0EC5 /* puzzle7.swift */ = {isa = PBXFileReference; lastKnownFileType = sourcecode.swift; path = puzzle7.swift; sourceTree = "<group>"; };
		A7606D982B22F76100FF0EC5 /* puzzle8.swift */ = {isa = PBXFileReference; lastKnownFileType = sourcecode.swift; path = puzzle8.swift; sourceTree = "<group>"; };
		A7606D9A2B244EC200FF0EC5 /* puzzle9.swift */ = {isa = PBXFileReference; lastKnownFileType = sourcecode.swift; path = puzzle9.swift; sourceTree = "<group>"; };
		A7606DA42B2473B600FF0EC5 /* data5.swift */ = {isa = PBXFileReference; lastKnownFileType = sourcecode.swift; path = data5.swift; sourceTree = "<group>"; };
		A7606DA62B2473DE00FF0EC5 /* data6.swift */ = {isa = PBXFileReference; lastKnownFileType = sourcecode.swift; path = data6.swift; sourceTree = "<group>"; };
		A7606DA82B2473E000FF0EC5 /* data7.swift */ = {isa = PBXFileReference; lastKnownFileType = sourcecode.swift; path = data7.swift; sourceTree = "<group>"; };
		A7606DAA2B2473E200FF0EC5 /* data8.swift */ = {isa = PBXFileReference; lastKnownFileType = sourcecode.swift; path = data8.swift; sourceTree = "<group>"; };
		A7606DAC2B2473E400FF0EC5 /* puzzle9data.swift */ = {isa = PBXFileReference; lastKnownFileType = sourcecode.swift; path = puzzle9data.swift; sourceTree = "<group>"; };
		A7606DAF2B24782A00FF0EC5 /* puzzle1.swift */ = {isa = PBXFileReference; lastKnownFileType = sourcecode.swift; path = puzzle1.swift; sourceTree = "<group>"; };
		A7606DB12B24783100FF0EC5 /* data1.swift */ = {isa = PBXFileReference; lastKnownFileType = sourcecode.swift; path = data1.swift; sourceTree = "<group>"; };
		A7606DB52B24793D00FF0EC5 /* puzzle2.swift */ = {isa = PBXFileReference; lastKnownFileType = sourcecode.swift; path = puzzle2.swift; sourceTree = "<group>"; };
		A7606DB72B24794200FF0EC5 /* data2.swift */ = {isa = PBXFileReference; lastKnownFileType = sourcecode.swift; path = data2.swift; sourceTree = "<group>"; };
		A7606DBA2B2479D100FF0EC5 /* puzzle3.swift */ = {isa = PBXFileReference; lastKnownFileType = sourcecode.swift; path = puzzle3.swift; sourceTree = "<group>"; };
		A7606DBC2B2479D800FF0EC5 /* data3.swift */ = {isa = PBXFileReference; lastKnownFileType = sourcecode.swift; path = data3.swift; sourceTree = "<group>"; };
		A7606DBF2B247B2300FF0EC5 /* Ressources */ = {isa = PBXFileReference; lastKnownFileType = folder; path = Ressources; sourceTree = "<group>"; };
		A7606DC22B25917F00FF0EC5 /* puzzle10.swift */ = {isa = PBXFileReference; lastKnownFileType = sourcecode.swift; path = puzzle10.swift; sourceTree = "<group>"; };
		A7606DC62B2616E800FF0EC5 /* puzzle11.swift */ = {isa = PBXFileReference; lastKnownFileType = sourcecode.swift; path = puzzle11.swift; sourceTree = "<group>"; };
		A7606DC82B26171B00FF0EC5 /* puzzle10data.swift */ = {isa = PBXFileReference; lastKnownFileType = sourcecode.swift; path = puzzle10data.swift; sourceTree = "<group>"; };
		A7606DCA2B26174C00FF0EC5 /* puzzle11data.swift */ = {isa = PBXFileReference; lastKnownFileType = sourcecode.swift; path = puzzle11data.swift; sourceTree = "<group>"; };
		A7606DCD2B2830A700FF0EC5 /* puzzle12.swift */ = {isa = PBXFileReference; lastKnownFileType = sourcecode.swift; path = puzzle12.swift; sourceTree = "<group>"; };
		A7606DCF2B283FA500FF0EC5 /* puzzle12data.swift */ = {isa = PBXFileReference; lastKnownFileType = sourcecode.swift; path = puzzle12data.swift; sourceTree = "<group>"; };
		A7606DD32B28763800FF0EC5 /* puzzle12v3.swift */ = {isa = PBXFileReference; lastKnownFileType = sourcecode.swift; path = puzzle12v3.swift; sourceTree = "<group>"; };
		A7606DD62B29824000FF0EC5 /* puzzle13.swift */ = {isa = PBXFileReference; lastKnownFileType = sourcecode.swift; path = puzzle13.swift; sourceTree = "<group>"; };
		A7606DD82B2993F700FF0EC5 /* puzzle13data.swift */ = {isa = PBXFileReference; lastKnownFileType = sourcecode.swift; path = puzzle13data.swift; sourceTree = "<group>"; };
		A76D9E782D043BB500E12077 /* puzzle2407.swift */ = {isa = PBXFileReference; lastKnownFileType = sourcecode.swift; path = puzzle2407.swift; sourceTree = "<group>"; };
		A76D9E7A2D057A9000E12077 /* puzzle2408.swift */ = {isa = PBXFileReference; lastKnownFileType = sourcecode.swift; path = puzzle2408.swift; sourceTree = "<group>"; };
		A770BCD52B1EFFD200278B11 /* data4.swift */ = {isa = PBXFileReference; lastKnownFileType = sourcecode.swift; path = data4.swift; sourceTree = "<group>"; };
		A770BCD72B1EFFE400278B11 /* puzzle5.swift */ = {isa = PBXFileReference; lastKnownFileType = sourcecode.swift; path = puzzle5.swift; sourceTree = "<group>"; };
		A770BCD92B1EFFED00278B11 /* puzzle4.swift */ = {isa = PBXFileReference; lastKnownFileType = sourcecode.swift; path = puzzle4.swift; sourceTree = "<group>"; };
		A770BCDB2B1EFFF600278B11 /* foundation.swift */ = {isa = PBXFileReference; lastKnownFileType = sourcecode.swift; path = foundation.swift; sourceTree = "<group>"; };
		A77776F62CFDD75600B71083 /* puzzle2401.swift */ = {isa = PBXFileReference; lastKnownFileType = sourcecode.swift; path = puzzle2401.swift; sourceTree = "<group>"; };
		A77776FB2CFDE05B00B71083 /* puzzle2402.swift */ = {isa = PBXFileReference; lastKnownFileType = sourcecode.swift; path = puzzle2402.swift; sourceTree = "<group>"; };
		A77776FD2CFF98B000B71083 /* puzzle2403.swift */ = {isa = PBXFileReference; lastKnownFileType = sourcecode.swift; path = puzzle2403.swift; sourceTree = "<group>"; };
		A77776FF2CFFA88700B71083 /* puzzle2404.swift */ = {isa = PBXFileReference; lastKnownFileType = sourcecode.swift; path = puzzle2404.swift; sourceTree = "<group>"; };
		A77777012D004ED300B71083 /* puzzle2405.swift */ = {isa = PBXFileReference; lastKnownFileType = sourcecode.swift; path = puzzle2405.swift; sourceTree = "<group>"; };
		A77777052D02D66B00B71083 /* puzzle2406.swift */ = {isa = PBXFileReference; lastKnownFileType = sourcecode.swift; path = puzzle2406.swift; sourceTree = "<group>"; };
		A7E81F712B1DE5AF0033DC9C /* AdventOfCodeCLI */ = {isa = PBXFileReference; explicitFileType = "compiled.mach-o.executable"; includeInIndex = 0; path = AdventOfCodeCLI; sourceTree = BUILT_PRODUCTS_DIR; };
		A7E81F742B1DE5AF0033DC9C /* main.swift */ = {isa = PBXFileReference; lastKnownFileType = sourcecode.swift; path = main.swift; sourceTree = "<group>"; };
/* End PBXFileReference section */

/* Begin PBXFrameworksBuildPhase section */
		A7E81F6E2B1DE5AF0033DC9C /* Frameworks */ = {
			isa = PBXFrameworksBuildPhase;
			buildActionMask = 2147483647;
			files = (
			);
			runOnlyForDeploymentPostprocessing = 0;
		};
/* End PBXFrameworksBuildPhase section */

/* Begin PBXGroup section */
		A7606D9C2B24733500FF0EC5 /* Puzzle4 */ = {
			isa = PBXGroup;
			children = (
				A770BCD52B1EFFD200278B11 /* data4.swift */,
				A770BCD92B1EFFED00278B11 /* puzzle4.swift */,
			);
			path = Puzzle4;
			sourceTree = "<group>";
		};
		A7606D9E2B24737600FF0EC5 /* Puzzle5 */ = {
			isa = PBXGroup;
			children = (
				A7606DA42B2473B600FF0EC5 /* data5.swift */,
				A770BCD72B1EFFE400278B11 /* puzzle5.swift */,
			);
			path = Puzzle5;
			sourceTree = "<group>";
		};
		A7606D9F2B24739300FF0EC5 /* Puzzle7 */ = {
			isa = PBXGroup;
			children = (
				A7606DA82B2473E000FF0EC5 /* data7.swift */,
				A7606D942B21B80A00FF0EC5 /* puzzle7.swift */,
			);
			path = Puzzle7;
			sourceTree = "<group>";
		};
		A7606DA02B24739300FF0EC5 /* Puzzle6 */ = {
			isa = PBXGroup;
			children = (
				A7606DA62B2473DE00FF0EC5 /* data6.swift */,
				A7606D922B20455500FF0EC5 /* puzzle6.swift */,
			);
			path = Puzzle6;
			sourceTree = "<group>";
		};
		A7606DA12B24739300FF0EC5 /* Puzzle8 */ = {
			isa = PBXGroup;
			children = (
				A7606DAA2B2473E200FF0EC5 /* data8.swift */,
				A7606D982B22F76100FF0EC5 /* puzzle8.swift */,
			);
			path = Puzzle8;
			sourceTree = "<group>";
		};
		A7606DA22B24739300FF0EC5 /* Puzzle10 */ = {
			isa = PBXGroup;
			children = (
				A7606DC22B25917F00FF0EC5 /* puzzle10.swift */,
				A7606DC82B26171B00FF0EC5 /* puzzle10data.swift */,
			);
			path = Puzzle10;
			sourceTree = "<group>";
		};
		A7606DA32B24739300FF0EC5 /* Puzzle9 */ = {
			isa = PBXGroup;
			children = (
				A7606D9A2B244EC200FF0EC5 /* puzzle9.swift */,
				A7606DAC2B2473E400FF0EC5 /* puzzle9data.swift */,
			);
			path = Puzzle9;
			sourceTree = "<group>";
		};
		A7606DAE2B24781A00FF0EC5 /* Puzzle1 */ = {
			isa = PBXGroup;
			children = (
				A7606DAF2B24782A00FF0EC5 /* puzzle1.swift */,
				A7606DB12B24783100FF0EC5 /* data1.swift */,
			);
			path = Puzzle1;
			sourceTree = "<group>";
		};
		A7606DB32B24792400FF0EC5 /* Puzzle2 */ = {
			isa = PBXGroup;
			children = (
				A7606DB52B24793D00FF0EC5 /* puzzle2.swift */,
				A7606DB72B24794200FF0EC5 /* data2.swift */,
			);
			path = Puzzle2;
			sourceTree = "<group>";
		};
		A7606DB92B2479C800FF0EC5 /* Puzzle3 */ = {
			isa = PBXGroup;
			children = (
				A7606DBA2B2479D100FF0EC5 /* puzzle3.swift */,
				A7606DBC2B2479D800FF0EC5 /* data3.swift */,
			);
			path = Puzzle3;
			sourceTree = "<group>";
		};
		A7606DC52B2616D800FF0EC5 /* Puzzle11 */ = {
			isa = PBXGroup;
			children = (
				A7606DC62B2616E800FF0EC5 /* puzzle11.swift */,
				A7606DCA2B26174C00FF0EC5 /* puzzle11data.swift */,
			);
			path = Puzzle11;
			sourceTree = "<group>";
		};
		A7606DCC2B28309800FF0EC5 /* Puzzle12 */ = {
			isa = PBXGroup;
			children = (
				A7606DCD2B2830A700FF0EC5 /* puzzle12.swift */,
				A7606DD32B28763800FF0EC5 /* puzzle12v3.swift */,
				A7606DCF2B283FA500FF0EC5 /* puzzle12data.swift */,
			);
			path = Puzzle12;
			sourceTree = "<group>";
		};
		A7606DD52B29823500FF0EC5 /* Puzzle13 */ = {
			isa = PBXGroup;
			children = (
				A7606DD62B29824000FF0EC5 /* puzzle13.swift */,
				A7606DD82B2993F700FF0EC5 /* puzzle13data.swift */,
			);
			path = Puzzle13;
			sourceTree = "<group>";
		};
		A77776F32CFDD71800B71083 /* 2024 */ = {
			isa = PBXGroup;
			children = (
				A77776F62CFDD75600B71083 /* puzzle2401.swift */,
				A77776FB2CFDE05B00B71083 /* puzzle2402.swift */,
				A77776FD2CFF98B000B71083 /* puzzle2403.swift */,
				A77776FF2CFFA88700B71083 /* puzzle2404.swift */,
				A77777012D004ED300B71083 /* puzzle2405.swift */,
				A77777052D02D66B00B71083 /* puzzle2406.swift */,
				A76D9E782D043BB500E12077 /* puzzle2407.swift */,
				A76D9E7A2D057A9000E12077 /* puzzle2408.swift */,
			);
			path = 2024;
			sourceTree = "<group>";
		};
		A77776F42CFDD72700B71083 /* 2023 */ = {
			isa = PBXGroup;
			children = (
				A7606DAE2B24781A00FF0EC5 /* Puzzle1 */,
				A7606DB32B24792400FF0EC5 /* Puzzle2 */,
				A7606DB92B2479C800FF0EC5 /* Puzzle3 */,
				A7606D9C2B24733500FF0EC5 /* Puzzle4 */,
				A7606D9E2B24737600FF0EC5 /* Puzzle5 */,
				A7606DA02B24739300FF0EC5 /* Puzzle6 */,
				A7606D9F2B24739300FF0EC5 /* Puzzle7 */,
				A7606DA12B24739300FF0EC5 /* Puzzle8 */,
				A7606DA32B24739300FF0EC5 /* Puzzle9 */,
				A7606DA22B24739300FF0EC5 /* Puzzle10 */,
				A7606DC52B2616D800FF0EC5 /* Puzzle11 */,
				A7606DCC2B28309800FF0EC5 /* Puzzle12 */,
				A7606DD52B29823500FF0EC5 /* Puzzle13 */,
			);
			path = 2023;
			sourceTree = "<group>";
		};
		A7E81F682B1DE5AF0033DC9C = {
			isa = PBXGroup;
			children = (
				A7E81F732B1DE5AF0033DC9C /* AdventOfCodeCLI */,
				A7E81F722B1DE5AF0033DC9C /* Products */,
			);
			sourceTree = "<group>";
		};
		A7E81F722B1DE5AF0033DC9C /* Products */ = {
			isa = PBXGroup;
			children = (
				A7E81F712B1DE5AF0033DC9C /* AdventOfCodeCLI */,
			);
			name = Products;
			sourceTree = "<group>";
		};
		A7E81F732B1DE5AF0033DC9C /* AdventOfCodeCLI */ = {
			isa = PBXGroup;
			children = (
				A77776F42CFDD72700B71083 /* 2023 */,
				A77776F32CFDD71800B71083 /* 2024 */,
				A7606DBF2B247B2300FF0EC5 /* Ressources */,
				A770BCDB2B1EFFF600278B11 /* foundation.swift */,
				A7E81F742B1DE5AF0033DC9C /* main.swift */,
			);
			path = AdventOfCodeCLI;
			sourceTree = "<group>";
		};
/* End PBXGroup section */

/* Begin PBXNativeTarget section */
		A7E81F702B1DE5AF0033DC9C /* AdventOfCodeCLI */ = {
			isa = PBXNativeTarget;
			buildConfigurationList = A7E81F782B1DE5AF0033DC9C /* Build configuration list for PBXNativeTarget "AdventOfCodeCLI" */;
			buildPhases = (
				A7E81F6D2B1DE5AF0033DC9C /* Sources */,
				A7E81F6E2B1DE5AF0033DC9C /* Frameworks */,
				A7606DC02B247BBD00FF0EC5 /* Resources */,
				A7E81F6F2B1DE5AF0033DC9C /* CopyFiles */,
			);
			buildRules = (
			);
			dependencies = (
			);
			name = AdventOfCodeCLI;
			productName = AdventOfCodeCLI;
			productReference = A7E81F712B1DE5AF0033DC9C /* AdventOfCodeCLI */;
			productType = "com.apple.product-type.tool";
		};
/* End PBXNativeTarget section */

/* Begin PBXProject section */
		A7E81F692B1DE5AF0033DC9C /* Project object */ = {
			isa = PBXProject;
			attributes = {
				BuildIndependentTargetsInParallel = 1;
				LastSwiftUpdateCheck = 1510;
				LastUpgradeCheck = 1600;
				TargetAttributes = {
					A7E81F702B1DE5AF0033DC9C = {
						CreatedOnToolsVersion = 15.1;
					};
				};
			};
			buildConfigurationList = A7E81F6C2B1DE5AF0033DC9C /* Build configuration list for PBXProject "AdventOfCodeCLI" */;
			compatibilityVersion = "Xcode 14.0";
			developmentRegion = en;
			hasScannedForEncodings = 0;
			knownRegions = (
				en,
				Base,
			);
			mainGroup = A7E81F682B1DE5AF0033DC9C;
			productRefGroup = A7E81F722B1DE5AF0033DC9C /* Products */;
			projectDirPath = "";
			projectRoot = "";
			targets = (
				A7E81F702B1DE5AF0033DC9C /* AdventOfCodeCLI */,
			);
		};
/* End PBXProject section */

/* Begin PBXResourcesBuildPhase section */
		A7606DC02B247BBD00FF0EC5 /* Resources */ = {
			isa = PBXResourcesBuildPhase;
			buildActionMask = 2147483647;
			files = (
				A7606DC42B2616A600FF0EC5 /* Ressources in Resources */,
			);
			runOnlyForDeploymentPostprocessing = 0;
		};
/* End PBXResourcesBuildPhase section */

/* Begin PBXSourcesBuildPhase section */
		A7E81F6D2B1DE5AF0033DC9C /* Sources */ = {
			isa = PBXSourcesBuildPhase;
			buildActionMask = 2147483647;
			files = (
				A7606D952B21B80A00FF0EC5 /* puzzle7.swift in Sources */,
				A7606DC72B2616E800FF0EC5 /* puzzle11.swift in Sources */,
				A7606DD02B283FA500FF0EC5 /* puzzle12data.swift in Sources */,
				A7606DB22B24783100FF0EC5 /* data1.swift in Sources */,
				A7606DCB2B26174C00FF0EC5 /* puzzle11data.swift in Sources */,
				A7E81F752B1DE5AF0033DC9C /* main.swift in Sources */,
				A7606D992B22F76100FF0EC5 /* puzzle8.swift in Sources */,
				A7606DB82B24794200FF0EC5 /* data2.swift in Sources */,
				A77777062D02D66B00B71083 /* puzzle2406.swift in Sources */,
				A77776F72CFDD75600B71083 /* puzzle2401.swift in Sources */,
				A7606DA72B2473DE00FF0EC5 /* data6.swift in Sources */,
				A77776FC2CFDE05B00B71083 /* puzzle2402.swift in Sources */,
				A7606DA52B2473B600FF0EC5 /* data5.swift in Sources */,
				A7606DAD2B2473E400FF0EC5 /* puzzle9data.swift in Sources */,
				A76D9E792D043BB500E12077 /* puzzle2407.swift in Sources */,
				A770BCD82B1EFFE400278B11 /* puzzle5.swift in Sources */,
				A7606DB02B24782A00FF0EC5 /* puzzle1.swift in Sources */,
				A7606DC32B25917F00FF0EC5 /* puzzle10.swift in Sources */,
				A7606DC92B26171B00FF0EC5 /* puzzle10data.swift in Sources */,
				A77777002CFFA88700B71083 /* puzzle2404.swift in Sources */,
				A7606DD92B2993F700FF0EC5 /* puzzle13data.swift in Sources */,
				A770BCDA2B1EFFED00278B11 /* puzzle4.swift in Sources */,
				A7606DB62B24793D00FF0EC5 /* puzzle2.swift in Sources */,
				A7606DA92B2473E000FF0EC5 /* data7.swift in Sources */,
				A7606DCE2B2830A700FF0EC5 /* puzzle12.swift in Sources */,
				A7606DD42B28763800FF0EC5 /* puzzle12v3.swift in Sources */,
				A7606DBB2B2479D100FF0EC5 /* puzzle3.swift in Sources */,
				A7606DAB2B2473E200FF0EC5 /* data8.swift in Sources */,
				A77777022D004ED300B71083 /* puzzle2405.swift in Sources */,
				A770BCDC2B1EFFF600278B11 /* foundation.swift in Sources */,
				A7606DD72B29824000FF0EC5 /* puzzle13.swift in Sources */,
				A7606D932B20455500FF0EC5 /* puzzle6.swift in Sources */,
				A76D9E7B2D057A9000E12077 /* puzzle2408.swift in Sources */,
				A7606D9B2B244EC200FF0EC5 /* puzzle9.swift in Sources */,
				A770BCD62B1EFFD200278B11 /* data4.swift in Sources */,
				A77776FE2CFF98B000B71083 /* puzzle2403.swift in Sources */,
				A7606DBD2B2479D800FF0EC5 /* data3.swift in Sources */,
			);
			runOnlyForDeploymentPostprocessing = 0;
		};
/* End PBXSourcesBuildPhase section */

/* Begin XCBuildConfiguration section */
		A7E81F762B1DE5AF0033DC9C /* Debug */ = {
			isa = XCBuildConfiguration;
			buildSettings = {
				ALWAYS_SEARCH_USER_PATHS = NO;
				ASSETCATALOG_COMPILER_GENERATE_SWIFT_ASSET_SYMBOL_EXTENSIONS = YES;
				CLANG_ANALYZER_NONNULL = YES;
				CLANG_ANALYZER_NUMBER_OBJECT_CONVERSION = YES_AGGRESSIVE;
				CLANG_CXX_LANGUAGE_STANDARD = "gnu++20";
				CLANG_ENABLE_MODULES = YES;
				CLANG_ENABLE_OBJC_ARC = YES;
				CLANG_ENABLE_OBJC_WEAK = YES;
				CLANG_WARN_BLOCK_CAPTURE_AUTORELEASING = YES;
				CLANG_WARN_BOOL_CONVERSION = YES;
				CLANG_WARN_COMMA = YES;
				CLANG_WARN_CONSTANT_CONVERSION = YES;
				CLANG_WARN_DEPRECATED_OBJC_IMPLEMENTATIONS = YES;
				CLANG_WARN_DIRECT_OBJC_ISA_USAGE = YES_ERROR;
				CLANG_WARN_DOCUMENTATION_COMMENTS = YES;
				CLANG_WARN_EMPTY_BODY = YES;
				CLANG_WARN_ENUM_CONVERSION = YES;
				CLANG_WARN_INFINITE_RECURSION = YES;
				CLANG_WARN_INT_CONVERSION = YES;
				CLANG_WARN_NON_LITERAL_NULL_CONVERSION = YES;
				CLANG_WARN_OBJC_IMPLICIT_RETAIN_SELF = YES;
				CLANG_WARN_OBJC_LITERAL_CONVERSION = YES;
				CLANG_WARN_OBJC_ROOT_CLASS = YES_ERROR;
				CLANG_WARN_QUOTED_INCLUDE_IN_FRAMEWORK_HEADER = YES;
				CLANG_WARN_RANGE_LOOP_ANALYSIS = YES;
				CLANG_WARN_STRICT_PROTOTYPES = YES;
				CLANG_WARN_SUSPICIOUS_MOVE = YES;
				CLANG_WARN_UNGUARDED_AVAILABILITY = YES_AGGRESSIVE;
				CLANG_WARN_UNREACHABLE_CODE = YES;
				CLANG_WARN__DUPLICATE_METHOD_MATCH = YES;
				COPY_PHASE_STRIP = NO;
				DEAD_CODE_STRIPPING = YES;
				DEBUG_INFORMATION_FORMAT = dwarf;
				ENABLE_STRICT_OBJC_MSGSEND = YES;
				ENABLE_TESTABILITY = YES;
				ENABLE_USER_SCRIPT_SANDBOXING = YES;
				GCC_C_LANGUAGE_STANDARD = gnu17;
				GCC_DYNAMIC_NO_PIC = NO;
				GCC_NO_COMMON_BLOCKS = YES;
				GCC_OPTIMIZATION_LEVEL = 0;
				GCC_PREPROCESSOR_DEFINITIONS = (
					"DEBUG=1",
					"$(inherited)",
				);
				GCC_WARN_64_TO_32_BIT_CONVERSION = YES;
				GCC_WARN_ABOUT_RETURN_TYPE = YES_ERROR;
				GCC_WARN_UNDECLARED_SELECTOR = YES;
				GCC_WARN_UNINITIALIZED_AUTOS = YES_AGGRESSIVE;
				GCC_WARN_UNUSED_FUNCTION = YES;
				GCC_WARN_UNUSED_VARIABLE = YES;
				LOCALIZATION_PREFERS_STRING_CATALOGS = YES;
				MACOSX_DEPLOYMENT_TARGET = 15.0;
				MTL_ENABLE_DEBUG_INFO = INCLUDE_SOURCE;
				MTL_FAST_MATH = YES;
				ONLY_ACTIVE_ARCH = YES;
				SDKROOT = macosx;
				SWIFT_ACTIVE_COMPILATION_CONDITIONS = "DEBUG $(inherited)";
				SWIFT_OPTIMIZATION_LEVEL = "-Onone";
			};
			name = Debug;
		};
		A7E81F772B1DE5AF0033DC9C /* Release */ = {
			isa = XCBuildConfiguration;
			buildSettings = {
				ALWAYS_SEARCH_USER_PATHS = NO;
				ASSETCATALOG_COMPILER_GENERATE_SWIFT_ASSET_SYMBOL_EXTENSIONS = YES;
				CLANG_ANALYZER_NONNULL = YES;
				CLANG_ANALYZER_NUMBER_OBJECT_CONVERSION = YES_AGGRESSIVE;
				CLANG_CXX_LANGUAGE_STANDARD = "gnu++20";
				CLANG_ENABLE_MODULES = YES;
				CLANG_ENABLE_OBJC_ARC = YES;
				CLANG_ENABLE_OBJC_WEAK = YES;
				CLANG_WARN_BLOCK_CAPTURE_AUTORELEASING = YES;
				CLANG_WARN_BOOL_CONVERSION = YES;
				CLANG_WARN_COMMA = YES;
				CLANG_WARN_CONSTANT_CONVERSION = YES;
				CLANG_WARN_DEPRECATED_OBJC_IMPLEMENTATIONS = YES;
				CLANG_WARN_DIRECT_OBJC_ISA_USAGE = YES_ERROR;
				CLANG_WARN_DOCUMENTATION_COMMENTS = YES;
				CLANG_WARN_EMPTY_BODY = YES;
				CLANG_WARN_ENUM_CONVERSION = YES;
				CLANG_WARN_INFINITE_RECURSION = YES;
				CLANG_WARN_INT_CONVERSION = YES;
				CLANG_WARN_NON_LITERAL_NULL_CONVERSION = YES;
				CLANG_WARN_OBJC_IMPLICIT_RETAIN_SELF = YES;
				CLANG_WARN_OBJC_LITERAL_CONVERSION = YES;
				CLANG_WARN_OBJC_ROOT_CLASS = YES_ERROR;
				CLANG_WARN_QUOTED_INCLUDE_IN_FRAMEWORK_HEADER = YES;
				CLANG_WARN_RANGE_LOOP_ANALYSIS = YES;
				CLANG_WARN_STRICT_PROTOTYPES = YES;
				CLANG_WARN_SUSPICIOUS_MOVE = YES;
				CLANG_WARN_UNGUARDED_AVAILABILITY = YES_AGGRESSIVE;
				CLANG_WARN_UNREACHABLE_CODE = YES;
				CLANG_WARN__DUPLICATE_METHOD_MATCH = YES;
				COPY_PHASE_STRIP = NO;
				DEAD_CODE_STRIPPING = YES;
				DEBUG_INFORMATION_FORMAT = "dwarf-with-dsym";
				ENABLE_NS_ASSERTIONS = NO;
				ENABLE_STRICT_OBJC_MSGSEND = YES;
				ENABLE_USER_SCRIPT_SANDBOXING = YES;
				GCC_C_LANGUAGE_STANDARD = gnu17;
				GCC_NO_COMMON_BLOCKS = YES;
				GCC_WARN_64_TO_32_BIT_CONVERSION = YES;
				GCC_WARN_ABOUT_RETURN_TYPE = YES_ERROR;
				GCC_WARN_UNDECLARED_SELECTOR = YES;
				GCC_WARN_UNINITIALIZED_AUTOS = YES_AGGRESSIVE;
				GCC_WARN_UNUSED_FUNCTION = YES;
				GCC_WARN_UNUSED_VARIABLE = YES;
				LOCALIZATION_PREFERS_STRING_CATALOGS = YES;
				MACOSX_DEPLOYMENT_TARGET = 15.0;
				MTL_ENABLE_DEBUG_INFO = NO;
				MTL_FAST_MATH = YES;
				SDKROOT = macosx;
				SWIFT_COMPILATION_MODE = wholemodule;
			};
			name = Release;
		};
		A7E81F792B1DE5AF0033DC9C /* Debug */ = {
			isa = XCBuildConfiguration;
			buildSettings = {
				CODE_SIGN_STYLE = Automatic;
				DEAD_CODE_STRIPPING = YES;
				DEVELOPMENT_ASSET_PATHS = "";
				DEVELOPMENT_TEAM = J7F2YSNYQ4;
				ENABLE_HARDENED_RUNTIME = YES;
				MACOSX_DEPLOYMENT_TARGET = 15.0;
				PRODUCT_NAME = "$(TARGET_NAME)";
				SWIFT_VERSION = 6.0;
			};
			name = Debug;
		};
		A7E81F7A2B1DE5AF0033DC9C /* Release */ = {
			isa = XCBuildConfiguration;
			buildSettings = {
				CODE_SIGN_STYLE = Automatic;
				DEAD_CODE_STRIPPING = YES;
				DEVELOPMENT_ASSET_PATHS = "";
				DEVELOPMENT_TEAM = J7F2YSNYQ4;
				ENABLE_HARDENED_RUNTIME = YES;
				MACOSX_DEPLOYMENT_TARGET = 15.0;
				PRODUCT_NAME = "$(TARGET_NAME)";
				SWIFT_VERSION = 6.0;
			};
			name = Release;
		};
/* End XCBuildConfiguration section */

/* Begin XCConfigurationList section */
		A7E81F6C2B1DE5AF0033DC9C /* Build configuration list for PBXProject "AdventOfCodeCLI" */ = {
			isa = XCConfigurationList;
			buildConfigurations = (
				A7E81F762B1DE5AF0033DC9C /* Debug */,
				A7E81F772B1DE5AF0033DC9C /* Release */,
			);
			defaultConfigurationIsVisible = 0;
			defaultConfigurationName = Release;
		};
		A7E81F782B1DE5AF0033DC9C /* Build configuration list for PBXNativeTarget "AdventOfCodeCLI" */ = {
			isa = XCConfigurationList;
			buildConfigurations = (
				A7E81F792B1DE5AF0033DC9C /* Debug */,
				A7E81F7A2B1DE5AF0033DC9C /* Release */,
			);
			defaultConfigurationIsVisible = 0;
			defaultConfigurationName = Release;
		};
/* End XCConfigurationList section */
	};
	rootObject = A7E81F692B1DE5AF0033DC9C /* Project object */;
}
